
Microsoft Visual Studio Solution File, Format Version 12.00
# Visual Studio Version 17
VisualStudioVersion = 17.4.33110.190
MinimumVisualStudioVersion = 10.0.40219.1
Project("{FAE04EC0-301F-11D3-BF4B-00C04F79EFBC}") = "Example2", "Example2.csproj", "{7FD30D0B-21D7-4603-A515-F827D903D072}"
EndProject
Global
	GlobalSection(SolutionConfigurationPlatforms) = preSolution
		Debug|Any CPU = Debug|Any CPU
		Release|Any CPU = Release|Any CPU
	EndGlobalSection
	GlobalSection(ProjectConfigurationPlatforms) = postSolution
		{7FD30D0B-21D7-4603-A515-F827D903D072}.Debug|Any CPU.ActiveCfg = Debug|Any CPU
		{7FD30D0B-21D7-4603-A515-F827D903D072}.Debug|Any CPU.Build.0 = Debug|Any CPU
		{7FD30D0B-21D7-4603-A515-F827D903D072}.Release|Any CPU.ActiveCfg = Release|Any CPU
		{7FD30D0B-21D7-4603-A515-F827D903D072}.Release|Any CPU.Build.0 = Release|Any CPU
	EndGlobalSection
	GlobalSection(SolutionProperties) = preSolution
		HideSolutionNode = FALSE
	EndGlobalSection
	GlobalSection(ExtensibilityGlobals) = postSolution
		SolutionGuid = {E25026F7-EDDB-4EB6-805A-25A4128B3139}
	EndGlobalSection
EndGlobal
