
Microsoft Visual Studio Solution File, Format Version 12.00
# Visual Studio Version 17
VisualStudioVersion = 17.4.33110.190
MinimumVisualStudioVersion = 10.0.40219.1
Project("{FAE04EC0-301F-11D3-BF4B-00C04F79EFBC}") = "Example1.CUI", "Example1.CUI.csproj", "{AF0207A9-3D15-4A99-86D6-6DCFC26FEDB9}"
EndProject
Project("{FAE04EC0-301F-11D3-BF4B-00C04F79EFBC}") = "Example1.Entities", "..\Example1.Entities\Example1.Entities.csproj", "{8CDEF450-76DE-43F9-B772-7040C40C65A0}"
EndProject
Project("{FAE04EC0-301F-11D3-BF4B-00C04F79EFBC}") = "Example1.Repositories", "..\Example1.Repositories\Example1.Repositories.csproj", "{920C6DA6-D77B-4785-BE8C-404AABDF808B}"
EndProject
Global
	GlobalSection(SolutionConfigurationPlatforms) = preSolution
		Debug|Any CPU = Debug|Any CPU
		Release|Any CPU = Release|Any CPU
	EndGlobalSection
	GlobalSection(ProjectConfigurationPlatforms) = postSolution
		{AF0207A9-3D15-4A99-86D6-6DCFC26FEDB9}.Debug|Any CPU.ActiveCfg = Debug|Any CPU
		{AF0207A9-3D15-4A99-86D6-6DCFC26FEDB9}.Debug|Any CPU.Build.0 = Debug|Any CPU
		{AF0207A9-3D15-4A99-86D6-6DCFC26FEDB9}.Release|Any CPU.ActiveCfg = Release|Any CPU
		{AF0207A9-3D15-4A99-86D6-6DCFC26FEDB9}.Release|Any CPU.Build.0 = Release|Any CPU
		{8CDEF450-76DE-43F9-B772-7040C40C65A0}.Debug|Any CPU.ActiveCfg = Debug|Any CPU
		{8CDEF450-76DE-43F9-B772-7040C40C65A0}.Debug|Any CPU.Build.0 = Debug|Any CPU
		{8CDEF450-76DE-43F9-B772-7040C40C65A0}.Release|Any CPU.ActiveCfg = Release|Any CPU
		{8CDEF450-76DE-43F9-B772-7040C40C65A0}.Release|Any CPU.Build.0 = Release|Any CPU
		{920C6DA6-D77B-4785-BE8C-404AABDF808B}.Debug|Any CPU.ActiveCfg = Debug|Any CPU
		{920C6DA6-D77B-4785-BE8C-404AABDF808B}.Debug|Any CPU.Build.0 = Debug|Any CPU
		{920C6DA6-D77B-4785-BE8C-404AABDF808B}.Release|Any CPU.ActiveCfg = Release|Any CPU
		{920C6DA6-D77B-4785-BE8C-404AABDF808B}.Release|Any CPU.Build.0 = Release|Any CPU
	EndGlobalSection
	GlobalSection(SolutionProperties) = preSolution
		HideSolutionNode = FALSE
	EndGlobalSection
	GlobalSection(ExtensibilityGlobals) = postSolution
		SolutionGuid = {CEA0AF29-9892-4364-A365-2A1F56F53B7E}
	EndGlobalSection
EndGlobal
